// !$*UTF8*$!
{
	archiveVersion = 1;
	classes = {
	};
	objectVersion = 46;
	objects = {

/* Begin PBXBuildFile section */
		08A21E641F57A55D00E3849D /* AppDelegate.swift in Sources */ = {isa = PBXBuildFile; fileRef = 08A21E631F57A55D00E3849D /* AppDelegate.swift */; };
		08A21E661F57A55D00E3849D /* ViewController.swift in Sources */ = {isa = PBXBuildFile; fileRef = 08A21E651F57A55D00E3849D /* ViewController.swift */; };
		08A21E691F57A55D00E3849D /* Main.storyboard in Resources */ = {isa = PBXBuildFile; fileRef = 08A21E671F57A55D00E3849D /* Main.storyboard */; };
		08A21E6B1F57A55D00E3849D /* Assets.xcassets in Resources */ = {isa = PBXBuildFile; fileRef = 08A21E6A1F57A55D00E3849D /* Assets.xcassets */; };
		08A21E6E1F57A55D00E3849D /* LaunchScreen.storyboard in Resources */ = {isa = PBXBuildFile; fileRef = 08A21E6C1F57A55D00E3849D /* LaunchScreen.storyboard */; };
		08A21E761F57A5AD00E3849D /* PresentAnimator.swift in Sources */ = {isa = PBXBuildFile; fileRef = 08A21E751F57A5AD00E3849D /* PresentAnimator.swift */; };
		08A21E781F57A72700E3849D /* LCViewController.swift in Sources */ = {isa = PBXBuildFile; fileRef = 08A21E771F57A72700E3849D /* LCViewController.swift */; };
/* End PBXBuildFile section */

/* Begin PBXFileReference section */
		08A21E601F57A55D00E3849D /* TransitionAnimation.app */ = {isa = PBXFileReference; explicitFileType = wrapper.application; includeInIndex = 0; path = TransitionAnimation.app; sourceTree = BUILT_PRODUCTS_DIR; };
		08A21E631F57A55D00E3849D /* AppDelegate.swift */ = {isa = PBXFileReference; lastKnownFileType = sourcecode.swift; path = AppDelegate.swift; sourceTree = "<group>"; };
		08A21E651F57A55D00E3849D /* ViewController.swift */ = {isa = PBXFileReference; lastKnownFileType = sourcecode.swift; path = ViewController.swift; sourceTree = "<group>"; };
		08A21E681F57A55D00E3849D /* Base */ = {isa = PBXFileReference; lastKnownFileType = file.storyboard; name = Base; path = Base.lproj/Main.storyboard; sourceTree = "<group>"; };
		08A21E6A1F57A55D00E3849D /* Assets.xcassets */ = {isa = PBXFileReference; lastKnownFileType = folder.assetcatalog; path = Assets.xcassets; sourceTree = "<group>"; };
		08A21E6D1F57A55D00E3849D /* Base */ = {isa = PBXFileReference; lastKnownFileType = file.storyboard; name = Base; path = Base.lproj/LaunchScreen.storyboard; sourceTree = "<group>"; };
		08A21E6F1F57A55D00E3849D /* Info.plist */ = {isa = PBXFileReference; lastKnownFileType = text.plist.xml; path = Info.plist; sourceTree = "<group>"; };
		08A21E751F57A5AD00E3849D /* PresentAnimator.swift */ = {isa = PBXFileReference; fileEncoding = 4; lastKnownFileType = sourcecode.swift; path = PresentAnimator.swift; sourceTree = "<group>"; };
		08A21E771F57A72700E3849D /* LCViewController.swift */ = {isa = PBXFileReference; fileEncoding = 4; lastKnownFileType = sourcecode.swift; path = LCViewController.swift; sourceTree = "<group>"; };
/* End PBXFileReference section */

/* Begin PBXFrameworksBuildPhase section */
		08A21E5D1F57A55D00E3849D /* Frameworks */ = {
			isa = PBXFrameworksBuildPhase;
			buildActionMask = 2147483647;
			files = (
			);
			runOnlyForDeploymentPostprocessing = 0;
		};
/* End PBXFrameworksBuildPhase section */

/* Begin PBXGroup section */
		08A21E571F57A55D00E3849D = {
			isa = PBXGroup;
			children = (
				08A21E621F57A55D00E3849D /* TransitionAnimation */,
				08A21E611F57A55D00E3849D /* Products */,
			);
			sourceTree = "<group>";
		};
		08A21E611F57A55D00E3849D /* Products */ = {
			isa = PBXGroup;
			children = (
				08A21E601F57A55D00E3849D /* TransitionAnimation.app */,
			);
			name = Products;
			sourceTree = "<group>";
		};
		08A21E621F57A55D00E3849D /* TransitionAnimation */ = {
			isa = PBXGroup;
			children = (
				08A21E631F57A55D00E3849D /* AppDelegate.swift */,
				08A21E651F57A55D00E3849D /* ViewController.swift */,
				08A21E771F57A72700E3849D /* LCViewController.swift */,
				08A21E751F57A5AD00E3849D /* PresentAnimator.swift */,
				08A21E671F57A55D00E3849D /* Main.storyboard */,
				08A21E6A1F57A55D00E3849D /* Assets.xcassets */,
				08A21E6C1F57A55D00E3849D /* LaunchScreen.storyboard */,
				08A21E6F1F57A55D00E3849D /* Info.plist */,
			);
			path = TransitionAnimation;
			sourceTree = "<group>";
		};
/* End PBXGroup section */

/* Begin PBXNativeTarget section */
		08A21E5F1F57A55D00E3849D /* TransitionAnimation */ = {
			isa = PBXNativeTarget;
			buildConfigurationList = 08A21E721F57A55D00E3849D /* Build configuration list for PBXNativeTarget "TransitionAnimation" */;
			buildPhases = (
				08A21E5C1F57A55D00E3849D /* Sources */,
				08A21E5D1F57A55D00E3849D /* Frameworks */,
				08A21E5E1F57A55D00E3849D /* Resources */,
			);
			buildRules = (
			);
			dependencies = (
			);
			name = TransitionAnimation;
			productName = TransitionAnimation;
			productReference = 08A21E601F57A55D00E3849D /* TransitionAnimation.app */;
			productType = "com.apple.product-type.application";
		};
/* End PBXNativeTarget section */

/* Begin PBXProject section */
		08A21E581F57A55D00E3849D /* Project object */ = {
			isa = PBXProject;
			attributes = {
				LastSwiftUpdateCheck = 0830;
				LastUpgradeCheck = 0830;
				ORGANIZATIONNAME = Lin_Crazy;
				TargetAttributes = {
					08A21E5F1F57A55D00E3849D = {
						CreatedOnToolsVersion = 8.3.3;
						ProvisioningStyle = Automatic;
					};
				};
			};
			buildConfigurationList = 08A21E5B1F57A55D00E3849D /* Build configuration list for PBXProject "TransitionAnimation" */;
			compatibilityVersion = "Xcode 3.2";
			developmentRegion = English;
			hasScannedForEncodings = 0;
			knownRegions = (
				en,
				Base,
			);
			mainGroup = 08A21E571F57A55D00E3849D;
			productRefGroup = 08A21E611F57A55D00E3849D /* Products */;
			projectDirPath = "";
			projectRoot = "";
			targets = (
				08A21E5F1F57A55D00E3849D /* TransitionAnimation */,
			);
		};
/* End PBXProject section */

/* Begin PBXResourcesBuildPhase section */
		08A21E5E1F57A55D00E3849D /* Resources */ = {
			isa = PBXResourcesBuildPhase;
			buildActionMask = 2147483647;
			files = (
				08A21E6E1F57A55D00E3849D /* LaunchScreen.storyboard in Resources */,
				08A21E6B1F57A55D00E3849D /* Assets.xcassets in Resources */,
				08A21E691F57A55D00E3849D /* Main.storyboard in Resources */,
			);
			runOnlyForDeploymentPostprocessing = 0;
		};
/* End PBXResourcesBuildPhase section */

/* Begin PBXSourcesBuildPhase section */
		08A21E5C1F57A55D00E3849D /* Sources */ = {
			isa = PBXSourcesBuildPhase;
			buildActionMask = 2147483647;
			files = (
				08A21E661F57A55D00E3849D /* ViewController.swift in Sources */,
				08A21E641F57A55D00E3849D /* AppDelegate.swift in Sources */,
				08A21E761F57A5AD00E3849D /* PresentAnimator.swift in Sources */,
				08A21E781F57A72700E3849D /* LCViewController.swift in Sources */,
			);
			runOnlyForDeploymentPostprocessing = 0;
		};
/* End PBXSourcesBuildPhase section */

/* Begin PBXVariantGroup section */
		08A21E671F57A55D00E3849D /* Main.storyboard */ = {
			isa = PBXVariantGroup;
			children = (
				08A21E681F57A55D00E3849D /* Base */,
			);
			name = Main.storyboard;
			sourceTree = "<group>";
		};
		08A21E6C1F57A55D00E3849D /* LaunchScreen.storyboard */ = {
			isa = PBXVariantGroup;
			children = (
				08A21E6D1F57A55D00E3849D /* Base */,
			);
			name = LaunchScreen.storyboard;
			sourceTree = "<group>";
		};
/* End PBXVariantGroup section */

/* Begin XCBuildConfiguration section */
		08A21E701F57A55D00E3849D /* Debug */ = {
			isa = XCBuildConfiguration;
			buildSettings = {
				ALWAYS_SEARCH_USER_PATHS = NO;
				CLANG_ANALYZER_NONNULL = YES;
				CLANG_ANALYZER_NUMBER_OBJECT_CONVERSION = YES_AGGRESSIVE;
				CLANG_CXX_LANGUAGE_STANDARD = "gnu++0x";
				CLANG_CXX_LIBRARY = "libc++";
				CLANG_ENABLE_MODULES = YES;
				CLANG_ENABLE_OBJC_ARC = YES;
				CLANG_WARN_BOOL_CONVERSION = YES;
				CLANG_WARN_CONSTANT_CONVERSION = YES;
				CLANG_WARN_DIRECT_OBJC_ISA_USAGE = YES_ERROR;
				CLANG_WARN_DOCUMENTATION_COMMENTS = YES;
				CLANG_WARN_EMPTY_BODY = YES;
				CLANG_WARN_ENUM_CONVERSION = YES;
				CLANG_WARN_INFINITE_RECURSION = YES;
				CLANG_WARN_INT_CONVERSION = YES;
				CLANG_WARN_OBJC_ROOT_CLASS = YES_ERROR;
				CLANG_WARN_SUSPICIOUS_MOVE = YES;
				CLANG_WARN_UNREACHABLE_CODE = YES;
				CLANG_WARN__DUPLICATE_METHOD_MATCH = YES;
				"CODE_SIGN_IDENTITY[sdk=iphoneos*]" = "iPhone Developer";
				COPY_PHASE_STRIP = NO;
				DEBUG_INFORMATION_FORMAT = dwarf;
				ENABLE_STRICT_OBJC_MSGSEND = YES;
				ENABLE_TESTABILITY = YES;
				GCC_C_LANGUAGE_STANDARD = gnu99;
				GCC_DYNAMIC_NO_PIC = NO;
				GCC_NO_COMMON_BLOCKS = YES;
				GCC_OPTIMIZATION_LEVEL = 0;
				GCC_PREPROCESSOR_DEFINITIONS = (
					"DEBUG=1",
					"$(inherited)",
				);
				GCC_WARN_64_TO_32_BIT_CONVERSION = YES;
				GCC_WARN_ABOUT_RETURN_TYPE = YES_ERROR;
				GCC_WARN_UNDECLARED_SELECTOR = YES;
				GCC_WARN_UNINITIALIZED_AUTOS = YES_AGGRESSIVE;
				GCC_WARN_UNUSED_FUNCTION = YES;
				GCC_WARN_UNUSED_VARIABLE = YES;
				IPHONEOS_DEPLOYMENT_TARGET = 10.3;
				MTL_ENABLE_DEBUG_INFO = YES;
				ONLY_ACTIVE_ARCH = YES;
				SDKROOT = iphoneos;
				SWIFT_ACTIVE_COMPILATION_CONDITIONS = DEBUG;
				SWIFT_OPTIMIZATION_LEVEL = "-Onone";
			};
			name = Debug;
		};
		08A21E711F57A55D00E3849D /* Release */ = {
			isa = XCBuildConfiguration;
			buildSettings = {
				ALWAYS_SEARCH_USER_PATHS = NO;
				CLANG_ANALYZER_NONNULL = YES;
				CLANG_ANALYZER_NUMBER_OBJECT_CONVERSION = YES_AGGRESSIVE;
				CLANG_CXX_LANGUAGE_STANDARD = "gnu++0x";
				CLANG_CXX_LIBRARY = "libc++";
				CLANG_ENABLE_MODULES = YES;
				CLANG_ENABLE_OBJC_ARC = YES;
				CLANG_WARN_BOOL_CONVERSION = YES;
				CLANG_WARN_CONSTANT_CONVERSION = YES;
				CLANG_WARN_DIRECT_OBJC_ISA_USAGE = YES_ERROR;
				CLANG_WARN_DOCUMENTATION_COMMENTS = YES;
				CLANG_WARN_EMPTY_BODY = YES;
				CLANG_WARN_ENUM_CONVERSION = YES;
				CLANG_WARN_INFINITE_RECURSION = YES;
				CLANG_WARN_INT_CONVERSION = YES;
				CLANG_WARN_OBJC_ROOT_CLASS = YES_ERROR;
				CLANG_WARN_SUSPICIOUS_MOVE = YES;
				CLANG_WARN_UNREACHABLE_CODE = YES;
				CLANG_WARN__DUPLICATE_METHOD_MATCH = YES;
				"CODE_SIGN_IDENTITY[sdk=iphoneos*]" = "iPhone Developer";
				COPY_PHASE_STRIP = NO;
				DEBUG_INFORMATION_FORMAT = "dwarf-with-dsym";
				ENABLE_NS_ASSERTIONS = NO;
				ENABLE_STRICT_OBJC_MSGSEND = YES;
				GCC_C_LANGUAGE_STANDARD = gnu99;
				GCC_NO_COMMON_BLOCKS = YES;
				GCC_WARN_64_TO_32_BIT_CONVERSION = YES;
				GCC_WARN_ABOUT_RETURN_TYPE = YES_ERROR;
				GCC_WARN_UNDECLARED_SELECTOR = YES;
				GCC_WARN_UNINITIALIZED_AUTOS = YES_AGGRESSIVE;
				GCC_WARN_UNUSED_FUNCTION = YES;
				GCC_WARN_UNUSED_VARIABLE = YES;
				IPHONEOS_DEPLOYMENT_TARGET = 10.3;
				MTL_ENABLE_DEBUG_INFO = NO;
				SDKROOT = iphoneos;
				SWIFT_OPTIMIZATION_LEVEL = "-Owholemodule";
				VALIDATE_PRODUCT = YES;
			};
			name = Release;
		};
		08A21E731F57A55D00E3849D /* Debug */ = {
			isa = XCBuildConfiguration;
			buildSettings = {
				ASSETCATALOG_COMPILER_APPICON_NAME = AppIcon;
				INFOPLIST_FILE = TransitionAnimation/Info.plist;
				LD_RUNPATH_SEARCH_PATHS = "$(inherited) @executable_path/Frameworks";
				PRODUCT_BUNDLE_IDENTIFIER = com.LinCrazy.TransitionAnimation;
				PRODUCT_NAME = "$(TARGET_NAME)";
				SWIFT_VERSION = 3.0;
			};
			name = Debug;
		};
		08A21E741F57A55D00E3849D /* Release */ = {
			isa = XCBuildConfiguration;
			buildSettings = {
				ASSETCATALOG_COMPILER_APPICON_NAME = AppIcon;
				INFOPLIST_FILE = TransitionAnimation/Info.plist;
				LD_RUNPATH_SEARCH_PATHS = "$(inherited) @executable_path/Frameworks";
				PRODUCT_BUNDLE_IDENTIFIER = com.LinCrazy.TransitionAnimation;
				PRODUCT_NAME = "$(TARGET_NAME)";
				SWIFT_VERSION = 3.0;
			};
			name = Release;
		};
/* End XCBuildConfiguration section */

/* Begin XCConfigurationList section */
		08A21E5B1F57A55D00E3849D /* Build configuration list for PBXProject "TransitionAnimation" */ = {
			isa = XCConfigurationList;
			buildConfigurations = (
				08A21E701F57A55D00E3849D /* Debug */,
				08A21E711F57A55D00E3849D /* Release */,
			);
			defaultConfigurationIsVisible = 0;
			defaultConfigurationName = Release;
		};
		08A21E721F57A55D00E3849D /* Build configuration list for PBXNativeTarget "TransitionAnimation" */ = {
			isa = XCConfigurationList;
			buildConfigurations = (
				08A21E731F57A55D00E3849D /* Debug */,
				08A21E741F57A55D00E3849D /* Release */,
			);
			defaultConfigurationIsVisible = 0;
		};
/* End XCConfigurationList section */
	};
	rootObject = 08A21E581F57A55D00E3849D /* Project object */;
}
